
Microsoft Visual Studio Solution File, Format Version 12.00
# Visual Studio 15
VisualStudioVersion = 15.0.26403.7
MinimumVisualStudioVersion = 10.0.40219.1
Project("{2150E333-8FDC-42A3-9474-1A3956D46DE8}") = "Apps", "Apps", "{E6FCE4C7-3E1F-4D98-BC10-CA6448BBF7BA}"
EndProject
Project("{2150E333-8FDC-42A3-9474-1A3956D46DE8}") = "Server", "Server", "{4AE26F3A-105C-464E-A8E4-E8E3CCE1CC8B}"
EndProject
Project("{2150E333-8FDC-42A3-9474-1A3956D46DE8}") = "Library", "Library", "{285BFEE5-7A2F-4BED-8983-C34E1F8978B0}"
EndProject
Project("{FAE04EC0-301F-11D3-BF4B-00C04F79EFBC}") = "DevilHome.UWP.MainView", "Apps\DevilHome.UWP.MainView\DevilHome.UWP.MainView.csproj", "{192D138E-AAB7-465B-86C1-86A60E0E7FF9}"
EndProject
Project("{FAE04EC0-301F-11D3-BF4B-00C04F79EFBC}") = "DevilDesireDevLib.Implementation", "Library\DevilDesireDevLib.Implementation\DevilDesireDevLib.Implementation.csproj", "{1F070FE9-EBBC-424E-8057-13668D57E442}"
EndProject
Project("{FAE04EC0-301F-11D3-BF4B-00C04F79EFBC}") = "DevilDesireDevLib.Interfaces", "Library\DevilDesireDevLib.Interfaces\DevilDesireDevLib.Interfaces.csproj", "{0F3F5466-749A-4341-874C-A2CE92AD0FD6}"
EndProject
Project("{2150E333-8FDC-42A3-9474-1A3956D46DE8}") = "Headless", "Headless", "{B435CA00-0396-4567-A968-FB1C799A0EC3}"
EndProject
Project("{FAE04EC0-301F-11D3-BF4B-00C04F79EFBC}") = "TextDisplay", "Library\TextDisplay\TextDisplayManager\TextDisplay.csproj", "{060399D9-871D-4A17-A249-A12B9D3F7682}"
EndProject
Project("{8BC9CEB8-8B4A-11D0-8D11-00A0C91BC942}") = "UniversalMediaEngine", "Library\UniversalMediaEngine\UniversalMediaEngine.vcxproj", "{81D46002-EC95-4423-BF6E-DBE82CCD55CA}"
EndProject
Project("{2150E333-8FDC-42A3-9474-1A3956D46DE8}") = "Drivers", "Drivers", "{78EB0CA5-A0AB-42F0-AC85-589745BFB8CF}"
EndProject
Project("{FAE04EC0-301F-11D3-BF4B-00C04F79EFBC}") = "DevilHome.Server", "Server\DevilHome.Server\DevilHome.Server.csproj", "{C71F396F-9D34-4C88-BF53-AFC795E09F04}"
EndProject
Project("{FAE04EC0-301F-11D3-BF4B-00C04F79EFBC}") = "DevilHome.Common.Interfaces", "Library\DevilHome.Common.Interfaces\DevilHome.Common.Interfaces.csproj", "{4BC113B2-3E08-4CA0-B09D-46A05BDCE2E8}"
EndProject
Project("{FAE04EC0-301F-11D3-BF4B-00C04F79EFBC}") = "DevilHome.Common.Implementations", "Library\DevilHome.Common.Implementations\DevilHome.Common.Implementations.csproj", "{49827188-B768-4F92-B0FE-1EC92AC850BA}"
EndProject
Project("{FAE04EC0-301F-11D3-BF4B-00C04F79EFBC}") = "DevilHome.InternetRadioHeadless", "Server\Headless\DevilHome.InternetRadioHeadless\DevilHome.InternetRadioHeadless.csproj", "{23D49896-EB25-42C0-BCAB-03576FA086CE}"
EndProject
Project("{8BC9CEB8-8B4A-11D0-8D11-00A0C91BC942}") = "Sensors.Dht", "Library\Sensors.Dht\Sensors.Dht.vcxproj", "{2CD70A4F-9EED-4CDA-9E07-1A2BD33B4976}"
EndProject
Project("{FAE04EC0-301F-11D3-BF4B-00C04F79EFBC}") = "DevilHome.Controller", "Server\DevilHome.Controller\DevilHome.Controller.csproj", "{A0E8E900-2FB5-4BE0-B49F-213AC11B0DA9}"
EndProject
Project("{2150E333-8FDC-42A3-9474-1A3956D46DE8}") = "Database", "Database", "{84E487B4-383A-451A-BEA7-7609FDA5B181}"
EndProject
Project("{FAE04EC0-301F-11D3-BF4B-00C04F79EFBC}") = "DevilHome.Database.Interfaces", "Library\Database\DevilHome.Database.Interfaces\DevilHome.Database.Interfaces.csproj", "{93BAD7C5-CD00-40A0-850D-C75BF9809C4A}"
EndProject
Project("{FAE04EC0-301F-11D3-BF4B-00C04F79EFBC}") = "DevilHome.Database.Implementations", "Library\Database\DevilHome.Database.Implementations\DevilHome.Database.Implementations.csproj", "{4DE7A5E2-C3BF-4C2B-B627-F349CECAC4B1}"
EndProject
Global
	GlobalSection(SolutionConfigurationPlatforms) = preSolution
		Debug|Any CPU = Debug|Any CPU
		Debug|ARM = Debug|ARM
		Debug|x64 = Debug|x64
		Debug|x86 = Debug|x86
		Release|Any CPU = Release|Any CPU
		Release|ARM = Release|ARM
		Release|x64 = Release|x64
		Release|x86 = Release|x86
	EndGlobalSection
	GlobalSection(ProjectConfigurationPlatforms) = postSolution
		{192D138E-AAB7-465B-86C1-86A60E0E7FF9}.Debug|Any CPU.ActiveCfg = Debug|x86
		{192D138E-AAB7-465B-86C1-86A60E0E7FF9}.Debug|ARM.ActiveCfg = Debug|ARM
		{192D138E-AAB7-465B-86C1-86A60E0E7FF9}.Debug|ARM.Build.0 = Debug|ARM
		{192D138E-AAB7-465B-86C1-86A60E0E7FF9}.Debug|ARM.Deploy.0 = Debug|ARM
		{192D138E-AAB7-465B-86C1-86A60E0E7FF9}.Debug|x64.ActiveCfg = Debug|x64
		{192D138E-AAB7-465B-86C1-86A60E0E7FF9}.Debug|x64.Build.0 = Debug|x64
		{192D138E-AAB7-465B-86C1-86A60E0E7FF9}.Debug|x64.Deploy.0 = Debug|x64
		{192D138E-AAB7-465B-86C1-86A60E0E7FF9}.Debug|x86.ActiveCfg = Debug|x86
		{192D138E-AAB7-465B-86C1-86A60E0E7FF9}.Debug|x86.Build.0 = Debug|x86
		{192D138E-AAB7-465B-86C1-86A60E0E7FF9}.Debug|x86.Deploy.0 = Debug|x86
		{192D138E-AAB7-465B-86C1-86A60E0E7FF9}.Release|Any CPU.ActiveCfg = Release|x86
		{192D138E-AAB7-465B-86C1-86A60E0E7FF9}.Release|ARM.ActiveCfg = Release|ARM
		{192D138E-AAB7-465B-86C1-86A60E0E7FF9}.Release|ARM.Build.0 = Release|ARM
		{192D138E-AAB7-465B-86C1-86A60E0E7FF9}.Release|ARM.Deploy.0 = Release|ARM
		{192D138E-AAB7-465B-86C1-86A60E0E7FF9}.Release|x64.ActiveCfg = Release|x64
		{192D138E-AAB7-465B-86C1-86A60E0E7FF9}.Release|x64.Build.0 = Release|x64
		{192D138E-AAB7-465B-86C1-86A60E0E7FF9}.Release|x64.Deploy.0 = Release|x64
		{192D138E-AAB7-465B-86C1-86A60E0E7FF9}.Release|x86.ActiveCfg = Release|x86
		{192D138E-AAB7-465B-86C1-86A60E0E7FF9}.Release|x86.Build.0 = Release|x86
		{192D138E-AAB7-465B-86C1-86A60E0E7FF9}.Release|x86.Deploy.0 = Release|x86
		{1F070FE9-EBBC-424E-8057-13668D57E442}.Debug|Any CPU.ActiveCfg = Debug|Any CPU
		{1F070FE9-EBBC-424E-8057-13668D57E442}.Debug|Any CPU.Build.0 = Debug|Any CPU
		{1F070FE9-EBBC-424E-8057-13668D57E442}.Debug|ARM.ActiveCfg = Debug|ARM
		{1F070FE9-EBBC-424E-8057-13668D57E442}.Debug|ARM.Build.0 = Debug|ARM
		{1F070FE9-EBBC-424E-8057-13668D57E442}.Debug|x64.ActiveCfg = Debug|x64
		{1F070FE9-EBBC-424E-8057-13668D57E442}.Debug|x64.Build.0 = Debug|x64
		{1F070FE9-EBBC-424E-8057-13668D57E442}.Debug|x86.ActiveCfg = Debug|x86
		{1F070FE9-EBBC-424E-8057-13668D57E442}.Debug|x86.Build.0 = Debug|x86
		{1F070FE9-EBBC-424E-8057-13668D57E442}.Release|Any CPU.ActiveCfg = Release|Any CPU
		{1F070FE9-EBBC-424E-8057-13668D57E442}.Release|Any CPU.Build.0 = Release|Any CPU
		{1F070FE9-EBBC-424E-8057-13668D57E442}.Release|ARM.ActiveCfg = Release|ARM
		{1F070FE9-EBBC-424E-8057-13668D57E442}.Release|ARM.Build.0 = Release|ARM
		{1F070FE9-EBBC-424E-8057-13668D57E442}.Release|x64.ActiveCfg = Release|x64
		{1F070FE9-EBBC-424E-8057-13668D57E442}.Release|x64.Build.0 = Release|x64
		{1F070FE9-EBBC-424E-8057-13668D57E442}.Release|x86.ActiveCfg = Release|x86
		{1F070FE9-EBBC-424E-8057-13668D57E442}.Release|x86.Build.0 = Release|x86
		{0F3F5466-749A-4341-874C-A2CE92AD0FD6}.Debug|Any CPU.ActiveCfg = Debug|Any CPU
		{0F3F5466-749A-4341-874C-A2CE92AD0FD6}.Debug|Any CPU.Build.0 = Debug|Any CPU
		{0F3F5466-749A-4341-874C-A2CE92AD0FD6}.Debug|ARM.ActiveCfg = Debug|ARM
		{0F3F5466-749A-4341-874C-A2CE92AD0FD6}.Debug|ARM.Build.0 = Debug|ARM
		{0F3F5466-749A-4341-874C-A2CE92AD0FD6}.Debug|x64.ActiveCfg = Debug|x64
		{0F3F5466-749A-4341-874C-A2CE92AD0FD6}.Debug|x64.Build.0 = Debug|x64
		{0F3F5466-749A-4341-874C-A2CE92AD0FD6}.Debug|x86.ActiveCfg = Debug|x86
		{0F3F5466-749A-4341-874C-A2CE92AD0FD6}.Debug|x86.Build.0 = Debug|x86
		{0F3F5466-749A-4341-874C-A2CE92AD0FD6}.Release|Any CPU.ActiveCfg = Release|Any CPU
		{0F3F5466-749A-4341-874C-A2CE92AD0FD6}.Release|Any CPU.Build.0 = Release|Any CPU
		{0F3F5466-749A-4341-874C-A2CE92AD0FD6}.Release|ARM.ActiveCfg = Release|ARM
		{0F3F5466-749A-4341-874C-A2CE92AD0FD6}.Release|ARM.Build.0 = Release|ARM
		{0F3F5466-749A-4341-874C-A2CE92AD0FD6}.Release|x64.ActiveCfg = Release|x64
		{0F3F5466-749A-4341-874C-A2CE92AD0FD6}.Release|x64.Build.0 = Release|x64
		{0F3F5466-749A-4341-874C-A2CE92AD0FD6}.Release|x86.ActiveCfg = Release|x86
		{0F3F5466-749A-4341-874C-A2CE92AD0FD6}.Release|x86.Build.0 = Release|x86
		{060399D9-871D-4A17-A249-A12B9D3F7682}.Debug|Any CPU.ActiveCfg = Debug|Any CPU
		{060399D9-871D-4A17-A249-A12B9D3F7682}.Debug|Any CPU.Build.0 = Debug|Any CPU
		{060399D9-871D-4A17-A249-A12B9D3F7682}.Debug|ARM.ActiveCfg = Debug|ARM
		{060399D9-871D-4A17-A249-A12B9D3F7682}.Debug|ARM.Build.0 = Debug|ARM
		{060399D9-871D-4A17-A249-A12B9D3F7682}.Debug|x64.ActiveCfg = Debug|x64
		{060399D9-871D-4A17-A249-A12B9D3F7682}.Debug|x64.Build.0 = Debug|x64
		{060399D9-871D-4A17-A249-A12B9D3F7682}.Debug|x86.ActiveCfg = Debug|x86
		{060399D9-871D-4A17-A249-A12B9D3F7682}.Debug|x86.Build.0 = Debug|x86
		{060399D9-871D-4A17-A249-A12B9D3F7682}.Release|Any CPU.ActiveCfg = Release|Any CPU
		{060399D9-871D-4A17-A249-A12B9D3F7682}.Release|Any CPU.Build.0 = Release|Any CPU
		{060399D9-871D-4A17-A249-A12B9D3F7682}.Release|ARM.ActiveCfg = Release|ARM
		{060399D9-871D-4A17-A249-A12B9D3F7682}.Release|ARM.Build.0 = Release|ARM
		{060399D9-871D-4A17-A249-A12B9D3F7682}.Release|x64.ActiveCfg = Release|x64
		{060399D9-871D-4A17-A249-A12B9D3F7682}.Release|x64.Build.0 = Release|x64
		{060399D9-871D-4A17-A249-A12B9D3F7682}.Release|x86.ActiveCfg = Release|x86
		{060399D9-871D-4A17-A249-A12B9D3F7682}.Release|x86.Build.0 = Release|x86
		{81D46002-EC95-4423-BF6E-DBE82CCD55CA}.Debug|Any CPU.ActiveCfg = Debug|Win32
		{81D46002-EC95-4423-BF6E-DBE82CCD55CA}.Debug|ARM.ActiveCfg = Debug|ARM
		{81D46002-EC95-4423-BF6E-DBE82CCD55CA}.Debug|ARM.Build.0 = Debug|ARM
		{81D46002-EC95-4423-BF6E-DBE82CCD55CA}.Debug|x64.ActiveCfg = Debug|x64
		{81D46002-EC95-4423-BF6E-DBE82CCD55CA}.Debug|x64.Build.0 = Debug|x64
		{81D46002-EC95-4423-BF6E-DBE82CCD55CA}.Debug|x86.ActiveCfg = Debug|Win32
		{81D46002-EC95-4423-BF6E-DBE82CCD55CA}.Debug|x86.Build.0 = Debug|Win32
		{81D46002-EC95-4423-BF6E-DBE82CCD55CA}.Release|Any CPU.ActiveCfg = Release|Win32
		{81D46002-EC95-4423-BF6E-DBE82CCD55CA}.Release|ARM.ActiveCfg = Release|ARM
		{81D46002-EC95-4423-BF6E-DBE82CCD55CA}.Release|ARM.Build.0 = Release|ARM
		{81D46002-EC95-4423-BF6E-DBE82CCD55CA}.Release|x64.ActiveCfg = Release|x64
		{81D46002-EC95-4423-BF6E-DBE82CCD55CA}.Release|x64.Build.0 = Release|x64
		{81D46002-EC95-4423-BF6E-DBE82CCD55CA}.Release|x86.ActiveCfg = Release|Win32
		{81D46002-EC95-4423-BF6E-DBE82CCD55CA}.Release|x86.Build.0 = Release|Win32
		{C71F396F-9D34-4C88-BF53-AFC795E09F04}.Debug|Any CPU.ActiveCfg = Debug|x86
		{C71F396F-9D34-4C88-BF53-AFC795E09F04}.Debug|ARM.ActiveCfg = Debug|ARM
		{C71F396F-9D34-4C88-BF53-AFC795E09F04}.Debug|ARM.Build.0 = Debug|ARM
		{C71F396F-9D34-4C88-BF53-AFC795E09F04}.Debug|ARM.Deploy.0 = Debug|ARM
		{C71F396F-9D34-4C88-BF53-AFC795E09F04}.Debug|x64.ActiveCfg = Debug|x64
		{C71F396F-9D34-4C88-BF53-AFC795E09F04}.Debug|x64.Build.0 = Debug|x64
		{C71F396F-9D34-4C88-BF53-AFC795E09F04}.Debug|x64.Deploy.0 = Debug|x64
		{C71F396F-9D34-4C88-BF53-AFC795E09F04}.Debug|x86.ActiveCfg = Debug|x86
		{C71F396F-9D34-4C88-BF53-AFC795E09F04}.Debug|x86.Build.0 = Debug|x86
		{C71F396F-9D34-4C88-BF53-AFC795E09F04}.Debug|x86.Deploy.0 = Debug|x86
		{C71F396F-9D34-4C88-BF53-AFC795E09F04}.Release|Any CPU.ActiveCfg = Release|x86
		{C71F396F-9D34-4C88-BF53-AFC795E09F04}.Release|ARM.ActiveCfg = Release|ARM
		{C71F396F-9D34-4C88-BF53-AFC795E09F04}.Release|ARM.Build.0 = Release|ARM
		{C71F396F-9D34-4C88-BF53-AFC795E09F04}.Release|ARM.Deploy.0 = Release|ARM
		{C71F396F-9D34-4C88-BF53-AFC795E09F04}.Release|x64.ActiveCfg = Release|x64
		{C71F396F-9D34-4C88-BF53-AFC795E09F04}.Release|x64.Build.0 = Release|x64
		{C71F396F-9D34-4C88-BF53-AFC795E09F04}.Release|x64.Deploy.0 = Release|x64
		{C71F396F-9D34-4C88-BF53-AFC795E09F04}.Release|x86.ActiveCfg = Release|x86
		{C71F396F-9D34-4C88-BF53-AFC795E09F04}.Release|x86.Build.0 = Release|x86
		{C71F396F-9D34-4C88-BF53-AFC795E09F04}.Release|x86.Deploy.0 = Release|x86
		{4BC113B2-3E08-4CA0-B09D-46A05BDCE2E8}.Debug|Any CPU.ActiveCfg = Debug|Any CPU
		{4BC113B2-3E08-4CA0-B09D-46A05BDCE2E8}.Debug|Any CPU.Build.0 = Debug|Any CPU
		{4BC113B2-3E08-4CA0-B09D-46A05BDCE2E8}.Debug|ARM.ActiveCfg = Debug|ARM
		{4BC113B2-3E08-4CA0-B09D-46A05BDCE2E8}.Debug|ARM.Build.0 = Debug|ARM
		{4BC113B2-3E08-4CA0-B09D-46A05BDCE2E8}.Debug|x64.ActiveCfg = Debug|x64
		{4BC113B2-3E08-4CA0-B09D-46A05BDCE2E8}.Debug|x64.Build.0 = Debug|x64
		{4BC113B2-3E08-4CA0-B09D-46A05BDCE2E8}.Debug|x86.ActiveCfg = Debug|x86
		{4BC113B2-3E08-4CA0-B09D-46A05BDCE2E8}.Debug|x86.Build.0 = Debug|x86
		{4BC113B2-3E08-4CA0-B09D-46A05BDCE2E8}.Release|Any CPU.ActiveCfg = Release|Any CPU
		{4BC113B2-3E08-4CA0-B09D-46A05BDCE2E8}.Release|Any CPU.Build.0 = Release|Any CPU
		{4BC113B2-3E08-4CA0-B09D-46A05BDCE2E8}.Release|ARM.ActiveCfg = Release|ARM
		{4BC113B2-3E08-4CA0-B09D-46A05BDCE2E8}.Release|ARM.Build.0 = Release|ARM
		{4BC113B2-3E08-4CA0-B09D-46A05BDCE2E8}.Release|x64.ActiveCfg = Release|x64
		{4BC113B2-3E08-4CA0-B09D-46A05BDCE2E8}.Release|x64.Build.0 = Release|x64
		{4BC113B2-3E08-4CA0-B09D-46A05BDCE2E8}.Release|x86.ActiveCfg = Release|x86
		{4BC113B2-3E08-4CA0-B09D-46A05BDCE2E8}.Release|x86.Build.0 = Release|x86
		{49827188-B768-4F92-B0FE-1EC92AC850BA}.Debug|Any CPU.ActiveCfg = Debug|Any CPU
		{49827188-B768-4F92-B0FE-1EC92AC850BA}.Debug|Any CPU.Build.0 = Debug|Any CPU
		{49827188-B768-4F92-B0FE-1EC92AC850BA}.Debug|ARM.ActiveCfg = Debug|ARM
		{49827188-B768-4F92-B0FE-1EC92AC850BA}.Debug|ARM.Build.0 = Debug|ARM
		{49827188-B768-4F92-B0FE-1EC92AC850BA}.Debug|x64.ActiveCfg = Debug|x64
		{49827188-B768-4F92-B0FE-1EC92AC850BA}.Debug|x64.Build.0 = Debug|x64
		{49827188-B768-4F92-B0FE-1EC92AC850BA}.Debug|x86.ActiveCfg = Debug|x86
		{49827188-B768-4F92-B0FE-1EC92AC850BA}.Debug|x86.Build.0 = Debug|x86
		{49827188-B768-4F92-B0FE-1EC92AC850BA}.Release|Any CPU.ActiveCfg = Release|Any CPU
		{49827188-B768-4F92-B0FE-1EC92AC850BA}.Release|Any CPU.Build.0 = Release|Any CPU
		{49827188-B768-4F92-B0FE-1EC92AC850BA}.Release|ARM.ActiveCfg = Release|ARM
		{49827188-B768-4F92-B0FE-1EC92AC850BA}.Release|ARM.Build.0 = Release|ARM
		{49827188-B768-4F92-B0FE-1EC92AC850BA}.Release|x64.ActiveCfg = Release|x64
		{49827188-B768-4F92-B0FE-1EC92AC850BA}.Release|x64.Build.0 = Release|x64
		{49827188-B768-4F92-B0FE-1EC92AC850BA}.Release|x86.ActiveCfg = Release|x86
		{49827188-B768-4F92-B0FE-1EC92AC850BA}.Release|x86.Build.0 = Release|x86
		{23D49896-EB25-42C0-BCAB-03576FA086CE}.Debug|Any CPU.ActiveCfg = Debug|x86
		{23D49896-EB25-42C0-BCAB-03576FA086CE}.Debug|ARM.ActiveCfg = Debug|ARM
		{23D49896-EB25-42C0-BCAB-03576FA086CE}.Debug|ARM.Build.0 = Debug|ARM
		{23D49896-EB25-42C0-BCAB-03576FA086CE}.Debug|ARM.Deploy.0 = Debug|ARM
		{23D49896-EB25-42C0-BCAB-03576FA086CE}.Debug|x64.ActiveCfg = Debug|x64
		{23D49896-EB25-42C0-BCAB-03576FA086CE}.Debug|x64.Build.0 = Debug|x64
		{23D49896-EB25-42C0-BCAB-03576FA086CE}.Debug|x64.Deploy.0 = Debug|x64
		{23D49896-EB25-42C0-BCAB-03576FA086CE}.Debug|x86.ActiveCfg = Debug|x86
		{23D49896-EB25-42C0-BCAB-03576FA086CE}.Debug|x86.Build.0 = Debug|x86
		{23D49896-EB25-42C0-BCAB-03576FA086CE}.Debug|x86.Deploy.0 = Debug|x86
		{23D49896-EB25-42C0-BCAB-03576FA086CE}.Release|Any CPU.ActiveCfg = Release|x86
		{23D49896-EB25-42C0-BCAB-03576FA086CE}.Release|ARM.ActiveCfg = Release|ARM
		{23D49896-EB25-42C0-BCAB-03576FA086CE}.Release|ARM.Build.0 = Release|ARM
		{23D49896-EB25-42C0-BCAB-03576FA086CE}.Release|ARM.Deploy.0 = Release|ARM
		{23D49896-EB25-42C0-BCAB-03576FA086CE}.Release|x64.ActiveCfg = Release|x64
		{23D49896-EB25-42C0-BCAB-03576FA086CE}.Release|x64.Build.0 = Release|x64
		{23D49896-EB25-42C0-BCAB-03576FA086CE}.Release|x64.Deploy.0 = Release|x64
		{23D49896-EB25-42C0-BCAB-03576FA086CE}.Release|x86.ActiveCfg = Release|x86
		{23D49896-EB25-42C0-BCAB-03576FA086CE}.Release|x86.Build.0 = Release|x86
		{23D49896-EB25-42C0-BCAB-03576FA086CE}.Release|x86.Deploy.0 = Release|x86
		{2CD70A4F-9EED-4CDA-9E07-1A2BD33B4976}.Debug|Any CPU.ActiveCfg = Debug|Win32
		{2CD70A4F-9EED-4CDA-9E07-1A2BD33B4976}.Debug|ARM.ActiveCfg = Debug|ARM
		{2CD70A4F-9EED-4CDA-9E07-1A2BD33B4976}.Debug|ARM.Build.0 = Debug|ARM
		{2CD70A4F-9EED-4CDA-9E07-1A2BD33B4976}.Debug|x64.ActiveCfg = Debug|x64
		{2CD70A4F-9EED-4CDA-9E07-1A2BD33B4976}.Debug|x64.Build.0 = Debug|x64
		{2CD70A4F-9EED-4CDA-9E07-1A2BD33B4976}.Debug|x86.ActiveCfg = Debug|Win32
		{2CD70A4F-9EED-4CDA-9E07-1A2BD33B4976}.Debug|x86.Build.0 = Debug|Win32
		{2CD70A4F-9EED-4CDA-9E07-1A2BD33B4976}.Release|Any CPU.ActiveCfg = Release|Win32
		{2CD70A4F-9EED-4CDA-9E07-1A2BD33B4976}.Release|ARM.ActiveCfg = Release|ARM
		{2CD70A4F-9EED-4CDA-9E07-1A2BD33B4976}.Release|ARM.Build.0 = Release|ARM
		{2CD70A4F-9EED-4CDA-9E07-1A2BD33B4976}.Release|x64.ActiveCfg = Release|x64
		{2CD70A4F-9EED-4CDA-9E07-1A2BD33B4976}.Release|x64.Build.0 = Release|x64
		{2CD70A4F-9EED-4CDA-9E07-1A2BD33B4976}.Release|x86.ActiveCfg = Release|Win32
		{2CD70A4F-9EED-4CDA-9E07-1A2BD33B4976}.Release|x86.Build.0 = Release|Win32
		{A0E8E900-2FB5-4BE0-B49F-213AC11B0DA9}.Debug|Any CPU.ActiveCfg = Debug|x86
		{A0E8E900-2FB5-4BE0-B49F-213AC11B0DA9}.Debug|ARM.ActiveCfg = Debug|ARM
		{A0E8E900-2FB5-4BE0-B49F-213AC11B0DA9}.Debug|ARM.Build.0 = Debug|ARM
		{A0E8E900-2FB5-4BE0-B49F-213AC11B0DA9}.Debug|ARM.Deploy.0 = Debug|ARM
		{A0E8E900-2FB5-4BE0-B49F-213AC11B0DA9}.Debug|x64.ActiveCfg = Debug|x64
		{A0E8E900-2FB5-4BE0-B49F-213AC11B0DA9}.Debug|x64.Build.0 = Debug|x64
		{A0E8E900-2FB5-4BE0-B49F-213AC11B0DA9}.Debug|x64.Deploy.0 = Debug|x64
		{A0E8E900-2FB5-4BE0-B49F-213AC11B0DA9}.Debug|x86.ActiveCfg = Debug|x86
		{A0E8E900-2FB5-4BE0-B49F-213AC11B0DA9}.Debug|x86.Build.0 = Debug|x86
		{A0E8E900-2FB5-4BE0-B49F-213AC11B0DA9}.Debug|x86.Deploy.0 = Debug|x86
		{A0E8E900-2FB5-4BE0-B49F-213AC11B0DA9}.Release|Any CPU.ActiveCfg = Release|x86
		{A0E8E900-2FB5-4BE0-B49F-213AC11B0DA9}.Release|ARM.ActiveCfg = Release|ARM
		{A0E8E900-2FB5-4BE0-B49F-213AC11B0DA9}.Release|ARM.Build.0 = Release|ARM
		{A0E8E900-2FB5-4BE0-B49F-213AC11B0DA9}.Release|ARM.Deploy.0 = Release|ARM
		{A0E8E900-2FB5-4BE0-B49F-213AC11B0DA9}.Release|x64.ActiveCfg = Release|x64
		{A0E8E900-2FB5-4BE0-B49F-213AC11B0DA9}.Release|x64.Build.0 = Release|x64
		{A0E8E900-2FB5-4BE0-B49F-213AC11B0DA9}.Release|x64.Deploy.0 = Release|x64
		{A0E8E900-2FB5-4BE0-B49F-213AC11B0DA9}.Release|x86.ActiveCfg = Release|x86
		{A0E8E900-2FB5-4BE0-B49F-213AC11B0DA9}.Release|x86.Build.0 = Release|x86
		{A0E8E900-2FB5-4BE0-B49F-213AC11B0DA9}.Release|x86.Deploy.0 = Release|x86
		{93BAD7C5-CD00-40A0-850D-C75BF9809C4A}.Debug|Any CPU.ActiveCfg = Debug|Any CPU
		{93BAD7C5-CD00-40A0-850D-C75BF9809C4A}.Debug|Any CPU.Build.0 = Debug|Any CPU
		{93BAD7C5-CD00-40A0-850D-C75BF9809C4A}.Debug|ARM.ActiveCfg = Debug|ARM
		{93BAD7C5-CD00-40A0-850D-C75BF9809C4A}.Debug|ARM.Build.0 = Debug|ARM
		{93BAD7C5-CD00-40A0-850D-C75BF9809C4A}.Debug|x64.ActiveCfg = Debug|x64
		{93BAD7C5-CD00-40A0-850D-C75BF9809C4A}.Debug|x64.Build.0 = Debug|x64
		{93BAD7C5-CD00-40A0-850D-C75BF9809C4A}.Debug|x86.ActiveCfg = Debug|x86
		{93BAD7C5-CD00-40A0-850D-C75BF9809C4A}.Debug|x86.Build.0 = Debug|x86
		{93BAD7C5-CD00-40A0-850D-C75BF9809C4A}.Release|Any CPU.ActiveCfg = Release|Any CPU
		{93BAD7C5-CD00-40A0-850D-C75BF9809C4A}.Release|Any CPU.Build.0 = Release|Any CPU
		{93BAD7C5-CD00-40A0-850D-C75BF9809C4A}.Release|ARM.ActiveCfg = Release|ARM
		{93BAD7C5-CD00-40A0-850D-C75BF9809C4A}.Release|ARM.Build.0 = Release|ARM
		{93BAD7C5-CD00-40A0-850D-C75BF9809C4A}.Release|x64.ActiveCfg = Release|x64
		{93BAD7C5-CD00-40A0-850D-C75BF9809C4A}.Release|x64.Build.0 = Release|x64
		{93BAD7C5-CD00-40A0-850D-C75BF9809C4A}.Release|x86.ActiveCfg = Release|x86
		{93BAD7C5-CD00-40A0-850D-C75BF9809C4A}.Release|x86.Build.0 = Release|x86
		{4DE7A5E2-C3BF-4C2B-B627-F349CECAC4B1}.Debug|Any CPU.ActiveCfg = Debug|Any CPU
		{4DE7A5E2-C3BF-4C2B-B627-F349CECAC4B1}.Debug|Any CPU.Build.0 = Debug|Any CPU
		{4DE7A5E2-C3BF-4C2B-B627-F349CECAC4B1}.Debug|ARM.ActiveCfg = Debug|ARM
		{4DE7A5E2-C3BF-4C2B-B627-F349CECAC4B1}.Debug|ARM.Build.0 = Debug|ARM
		{4DE7A5E2-C3BF-4C2B-B627-F349CECAC4B1}.Debug|x64.ActiveCfg = Debug|x64
		{4DE7A5E2-C3BF-4C2B-B627-F349CECAC4B1}.Debug|x64.Build.0 = Debug|x64
		{4DE7A5E2-C3BF-4C2B-B627-F349CECAC4B1}.Debug|x86.ActiveCfg = Debug|x86
		{4DE7A5E2-C3BF-4C2B-B627-F349CECAC4B1}.Debug|x86.Build.0 = Debug|x86
		{4DE7A5E2-C3BF-4C2B-B627-F349CECAC4B1}.Release|Any CPU.ActiveCfg = Release|Any CPU
		{4DE7A5E2-C3BF-4C2B-B627-F349CECAC4B1}.Release|Any CPU.Build.0 = Release|Any CPU
		{4DE7A5E2-C3BF-4C2B-B627-F349CECAC4B1}.Release|ARM.ActiveCfg = Release|ARM
		{4DE7A5E2-C3BF-4C2B-B627-F349CECAC4B1}.Release|ARM.Build.0 = Release|ARM
		{4DE7A5E2-C3BF-4C2B-B627-F349CECAC4B1}.Release|x64.ActiveCfg = Release|x64
		{4DE7A5E2-C3BF-4C2B-B627-F349CECAC4B1}.Release|x64.Build.0 = Release|x64
		{4DE7A5E2-C3BF-4C2B-B627-F349CECAC4B1}.Release|x86.ActiveCfg = Release|x86
		{4DE7A5E2-C3BF-4C2B-B627-F349CECAC4B1}.Release|x86.Build.0 = Release|x86
	EndGlobalSection
	GlobalSection(SolutionProperties) = preSolution
		HideSolutionNode = FALSE
	EndGlobalSection
	GlobalSection(NestedProjects) = preSolution
		{192D138E-AAB7-465B-86C1-86A60E0E7FF9} = {E6FCE4C7-3E1F-4D98-BC10-CA6448BBF7BA}
		{1F070FE9-EBBC-424E-8057-13668D57E442} = {285BFEE5-7A2F-4BED-8983-C34E1F8978B0}
		{0F3F5466-749A-4341-874C-A2CE92AD0FD6} = {285BFEE5-7A2F-4BED-8983-C34E1F8978B0}
		{B435CA00-0396-4567-A968-FB1C799A0EC3} = {4AE26F3A-105C-464E-A8E4-E8E3CCE1CC8B}
		{060399D9-871D-4A17-A249-A12B9D3F7682} = {285BFEE5-7A2F-4BED-8983-C34E1F8978B0}
		{81D46002-EC95-4423-BF6E-DBE82CCD55CA} = {285BFEE5-7A2F-4BED-8983-C34E1F8978B0}
		{C71F396F-9D34-4C88-BF53-AFC795E09F04} = {4AE26F3A-105C-464E-A8E4-E8E3CCE1CC8B}
		{4BC113B2-3E08-4CA0-B09D-46A05BDCE2E8} = {285BFEE5-7A2F-4BED-8983-C34E1F8978B0}
		{49827188-B768-4F92-B0FE-1EC92AC850BA} = {285BFEE5-7A2F-4BED-8983-C34E1F8978B0}
		{23D49896-EB25-42C0-BCAB-03576FA086CE} = {B435CA00-0396-4567-A968-FB1C799A0EC3}
		{2CD70A4F-9EED-4CDA-9E07-1A2BD33B4976} = {285BFEE5-7A2F-4BED-8983-C34E1F8978B0}
		{A0E8E900-2FB5-4BE0-B49F-213AC11B0DA9} = {4AE26F3A-105C-464E-A8E4-E8E3CCE1CC8B}
		{84E487B4-383A-451A-BEA7-7609FDA5B181} = {285BFEE5-7A2F-4BED-8983-C34E1F8978B0}
		{93BAD7C5-CD00-40A0-850D-C75BF9809C4A} = {84E487B4-383A-451A-BEA7-7609FDA5B181}
		{4DE7A5E2-C3BF-4C2B-B627-F349CECAC4B1} = {84E487B4-383A-451A-BEA7-7609FDA5B181}
	EndGlobalSection
EndGlobal
